
Microsoft Visual Studio Solution File, Format Version 12.00
# Visual Studio Version 16
VisualStudioVersion = 16.0.30503.244
MinimumVisualStudioVersion = 10.0.40219.1
Project("{FAE04EC0-301F-11D3-BF4B-00C04F79EFBC}") = "ObserverDP", "ObserverDP\ObserverDP.csproj", "{B8D134CD-9C94-4A0F-AB80-F68626E37A46}"
EndProject
Global
	GlobalSection(SolutionConfigurationPlatforms) = preSolution
		Debug|Any CPU = Debug|Any CPU
		Release|Any CPU = Release|Any CPU
	EndGlobalSection
	GlobalSection(ProjectConfigurationPlatforms) = postSolution
		{B8D134CD-9C94-4A0F-AB80-F68626E37A46}.Debug|Any CPU.ActiveCfg = Debug|Any CPU
		{B8D134CD-9C94-4A0F-AB80-F68626E37A46}.Debug|Any CPU.Build.0 = Debug|Any CPU
		{B8D134CD-9C94-4A0F-AB80-F68626E37A46}.Release|Any CPU.ActiveCfg = Release|Any CPU
		{B8D134CD-9C94-4A0F-AB80-F68626E37A46}.Release|Any CPU.Build.0 = Release|Any CPU
	EndGlobalSection
	GlobalSection(SolutionProperties) = preSolution
		HideSolutionNode = FALSE
	EndGlobalSection
	GlobalSection(ExtensibilityGlobals) = postSolution
		SolutionGuid = {54D5E6CF-D24B-417A-8351-6BEF2879EB30}
	EndGlobalSection
EndGlobal
